
Microsoft Visual Studio Solution File, Format Version 12.00
# Visual Studio 2017
Project("{FAE04EC0-301F-11D3-BF4B-00C04F79EFBC}") = "OpenChallenge_v6.Plugins", "OpenChallenge_v6.Plugins.csproj", "{A4A8986E-A782-C54B-0F01-42EBF645CDE2}"
EndProject
Project("{FAE04EC0-301F-11D3-BF4B-00C04F79EFBC}") = "OpenChallenge_v6", "OpenChallenge_v6.csproj", "{B47549A8-601B-07B3-AF57-B2517758D05E}"
EndProject
Project("{FAE04EC0-301F-11D3-BF4B-00C04F79EFBC}") = "OpenChallenge_v6.Editor.Plugins", "OpenChallenge_v6.Editor.Plugins.csproj", "{06D856FA-CA9B-32DA-C593-4876238BD13E}"
EndProject
Global
	GlobalSection(SolutionConfigurationPlatforms) = preSolution
		Debug|Any CPU = Debug|Any CPU
		Release|Any CPU = Release|Any CPU
	EndGlobalSection
	GlobalSection(ProjectConfigurationPlatforms) = postSolution
		{A4A8986E-A782-C54B-0F01-42EBF645CDE2}.Debug|Any CPU.ActiveCfg = Debug|Any CPU
		{A4A8986E-A782-C54B-0F01-42EBF645CDE2}.Debug|Any CPU.Build.0 = Debug|Any CPU
		{A4A8986E-A782-C54B-0F01-42EBF645CDE2}.Release|Any CPU.ActiveCfg = Release|Any CPU
		{A4A8986E-A782-C54B-0F01-42EBF645CDE2}.Release|Any CPU.Build.0 = Release|Any CPU
		{B47549A8-601B-07B3-AF57-B2517758D05E}.Debug|Any CPU.ActiveCfg = Debug|Any CPU
		{B47549A8-601B-07B3-AF57-B2517758D05E}.Debug|Any CPU.Build.0 = Debug|Any CPU
		{B47549A8-601B-07B3-AF57-B2517758D05E}.Release|Any CPU.ActiveCfg = Release|Any CPU
		{B47549A8-601B-07B3-AF57-B2517758D05E}.Release|Any CPU.Build.0 = Release|Any CPU
		{06D856FA-CA9B-32DA-C593-4876238BD13E}.Debug|Any CPU.ActiveCfg = Debug|Any CPU
		{06D856FA-CA9B-32DA-C593-4876238BD13E}.Debug|Any CPU.Build.0 = Debug|Any CPU
		{06D856FA-CA9B-32DA-C593-4876238BD13E}.Release|Any CPU.ActiveCfg = Release|Any CPU
		{06D856FA-CA9B-32DA-C593-4876238BD13E}.Release|Any CPU.Build.0 = Release|Any CPU
	EndGlobalSection
	GlobalSection(SolutionProperties) = preSolution
		HideSolutionNode = FALSE
	EndGlobalSection
EndGlobal
